
Microsoft Visual Studio Solution File, Format Version 12.00
# Visual Studio Version 17
VisualStudioVersion = 17.14.36908.2 d17.14
MinimumVisualStudioVersion = 10.0.40219.1
Project("{FAE04EC0-301F-11D3-BF4B-00C04F79EFBC}") = "LabelControl", "LabelControl\LabelControl.csproj", "{DCBCCD43-31A4-495E-8D71-60C3AE1FFF74}"
EndProject
Global
	GlobalSection(SolutionConfigurationPlatforms) = preSolution
		Debug|Any CPU = Debug|Any CPU
		Release|Any CPU = Release|Any CPU
	EndGlobalSection
	GlobalSection(ProjectConfigurationPlatforms) = postSolution
		{DCBCCD43-31A4-495E-8D71-60C3AE1FFF74}.Debug|Any CPU.ActiveCfg = Debug|Any CPU
		{DCBCCD43-31A4-495E-8D71-60C3AE1FFF74}.Debug|Any CPU.Build.0 = Debug|Any CPU
		{DCBCCD43-31A4-495E-8D71-60C3AE1FFF74}.Release|Any CPU.ActiveCfg = Release|Any CPU
		{DCBCCD43-31A4-495E-8D71-60C3AE1FFF74}.Release|Any CPU.Build.0 = Release|Any CPU
	EndGlobalSection
	GlobalSection(SolutionProperties) = preSolution
		HideSolutionNode = FALSE
	EndGlobalSection
	GlobalSection(ExtensibilityGlobals) = postSolution
		SolutionGuid = {C71B3CDC-B235-47B5-9A21-B195275C5D4E}
	EndGlobalSection
EndGlobal
